
Microsoft Visual Studio Solution File, Format Version 12.00
# Visual Studio 15
VisualStudioVersion = 15.0.26124.0
MinimumVisualStudioVersion = 15.0.26124.0
Project("{FAE04EC0-301F-11D3-BF4B-00C04F79EFBC}") = "Domain", "Domain\Domain.csproj", "{A42792B7-E2DE-4E8C-AE9D-E95C8AB5566D}"
EndProject
Project("{FAE04EC0-301F-11D3-BF4B-00C04F79EFBC}") = "Application", "Application\Application.csproj", "{385865A2-EDD5-44B3-94D3-50CA8753501B}"
EndProject
Project("{FAE04EC0-301F-11D3-BF4B-00C04F79EFBC}") = "Persistence", "Persistence\Persistence.csproj", "{450C6E8D-0450-4939-AD8E-5F0912A897C0}"
EndProject
Project("{FAE04EC0-301F-11D3-BF4B-00C04F79EFBC}") = "API", "API\API.csproj", "{BFF68431-4E27-4EA5-BDB5-36D937DB89DB}"
EndProject
Global
	GlobalSection(SolutionConfigurationPlatforms) = preSolution
		Debug|Any CPU = Debug|Any CPU
		Debug|x64 = Debug|x64
		Debug|x86 = Debug|x86
		Release|Any CPU = Release|Any CPU
		Release|x64 = Release|x64
		Release|x86 = Release|x86
	EndGlobalSection
	GlobalSection(SolutionProperties) = preSolution
		HideSolutionNode = FALSE
	EndGlobalSection
	GlobalSection(ProjectConfigurationPlatforms) = postSolution
		{A42792B7-E2DE-4E8C-AE9D-E95C8AB5566D}.Debug|Any CPU.ActiveCfg = Debug|Any CPU
		{A42792B7-E2DE-4E8C-AE9D-E95C8AB5566D}.Debug|Any CPU.Build.0 = Debug|Any CPU
		{A42792B7-E2DE-4E8C-AE9D-E95C8AB5566D}.Debug|x64.ActiveCfg = Debug|Any CPU
		{A42792B7-E2DE-4E8C-AE9D-E95C8AB5566D}.Debug|x64.Build.0 = Debug|Any CPU
		{A42792B7-E2DE-4E8C-AE9D-E95C8AB5566D}.Debug|x86.ActiveCfg = Debug|Any CPU
		{A42792B7-E2DE-4E8C-AE9D-E95C8AB5566D}.Debug|x86.Build.0 = Debug|Any CPU
		{A42792B7-E2DE-4E8C-AE9D-E95C8AB5566D}.Release|Any CPU.ActiveCfg = Release|Any CPU
		{A42792B7-E2DE-4E8C-AE9D-E95C8AB5566D}.Release|Any CPU.Build.0 = Release|Any CPU
		{A42792B7-E2DE-4E8C-AE9D-E95C8AB5566D}.Release|x64.ActiveCfg = Release|Any CPU
		{A42792B7-E2DE-4E8C-AE9D-E95C8AB5566D}.Release|x64.Build.0 = Release|Any CPU
		{A42792B7-E2DE-4E8C-AE9D-E95C8AB5566D}.Release|x86.ActiveCfg = Release|Any CPU
		{A42792B7-E2DE-4E8C-AE9D-E95C8AB5566D}.Release|x86.Build.0 = Release|Any CPU
		{385865A2-EDD5-44B3-94D3-50CA8753501B}.Debug|Any CPU.ActiveCfg = Debug|Any CPU
		{385865A2-EDD5-44B3-94D3-50CA8753501B}.Debug|Any CPU.Build.0 = Debug|Any CPU
		{385865A2-EDD5-44B3-94D3-50CA8753501B}.Debug|x64.ActiveCfg = Debug|Any CPU
		{385865A2-EDD5-44B3-94D3-50CA8753501B}.Debug|x64.Build.0 = Debug|Any CPU
		{385865A2-EDD5-44B3-94D3-50CA8753501B}.Debug|x86.ActiveCfg = Debug|Any CPU
		{385865A2-EDD5-44B3-94D3-50CA8753501B}.Debug|x86.Build.0 = Debug|Any CPU
		{385865A2-EDD5-44B3-94D3-50CA8753501B}.Release|Any CPU.ActiveCfg = Release|Any CPU
		{385865A2-EDD5-44B3-94D3-50CA8753501B}.Release|Any CPU.Build.0 = Release|Any CPU
		{385865A2-EDD5-44B3-94D3-50CA8753501B}.Release|x64.ActiveCfg = Release|Any CPU
		{385865A2-EDD5-44B3-94D3-50CA8753501B}.Release|x64.Build.0 = Release|Any CPU
		{385865A2-EDD5-44B3-94D3-50CA8753501B}.Release|x86.ActiveCfg = Release|Any CPU
		{385865A2-EDD5-44B3-94D3-50CA8753501B}.Release|x86.Build.0 = Release|Any CPU
		{450C6E8D-0450-4939-AD8E-5F0912A897C0}.Debug|Any CPU.ActiveCfg = Debug|Any CPU
		{450C6E8D-0450-4939-AD8E-5F0912A897C0}.Debug|Any CPU.Build.0 = Debug|Any CPU
		{450C6E8D-0450-4939-AD8E-5F0912A897C0}.Debug|x64.ActiveCfg = Debug|Any CPU
		{450C6E8D-0450-4939-AD8E-5F0912A897C0}.Debug|x64.Build.0 = Debug|Any CPU
		{450C6E8D-0450-4939-AD8E-5F0912A897C0}.Debug|x86.ActiveCfg = Debug|Any CPU
		{450C6E8D-0450-4939-AD8E-5F0912A897C0}.Debug|x86.Build.0 = Debug|Any CPU
		{450C6E8D-0450-4939-AD8E-5F0912A897C0}.Release|Any CPU.ActiveCfg = Release|Any CPU
		{450C6E8D-0450-4939-AD8E-5F0912A897C0}.Release|Any CPU.Build.0 = Release|Any CPU
		{450C6E8D-0450-4939-AD8E-5F0912A897C0}.Release|x64.ActiveCfg = Release|Any CPU
		{450C6E8D-0450-4939-AD8E-5F0912A897C0}.Release|x64.Build.0 = Release|Any CPU
		{450C6E8D-0450-4939-AD8E-5F0912A897C0}.Release|x86.ActiveCfg = Release|Any CPU
		{450C6E8D-0450-4939-AD8E-5F0912A897C0}.Release|x86.Build.0 = Release|Any CPU
		{BFF68431-4E27-4EA5-BDB5-36D937DB89DB}.Debug|Any CPU.ActiveCfg = Debug|Any CPU
		{BFF68431-4E27-4EA5-BDB5-36D937DB89DB}.Debug|Any CPU.Build.0 = Debug|Any CPU
		{BFF68431-4E27-4EA5-BDB5-36D937DB89DB}.Debug|x64.ActiveCfg = Debug|Any CPU
		{BFF68431-4E27-4EA5-BDB5-36D937DB89DB}.Debug|x64.Build.0 = Debug|Any CPU
		{BFF68431-4E27-4EA5-BDB5-36D937DB89DB}.Debug|x86.ActiveCfg = Debug|Any CPU
		{BFF68431-4E27-4EA5-BDB5-36D937DB89DB}.Debug|x86.Build.0 = Debug|Any CPU
		{BFF68431-4E27-4EA5-BDB5-36D937DB89DB}.Release|Any CPU.ActiveCfg = Release|Any CPU
		{BFF68431-4E27-4EA5-BDB5-36D937DB89DB}.Release|Any CPU.Build.0 = Release|Any CPU
		{BFF68431-4E27-4EA5-BDB5-36D937DB89DB}.Release|x64.ActiveCfg = Release|Any CPU
		{BFF68431-4E27-4EA5-BDB5-36D937DB89DB}.Release|x64.Build.0 = Release|Any CPU
		{BFF68431-4E27-4EA5-BDB5-36D937DB89DB}.Release|x86.ActiveCfg = Release|Any CPU
		{BFF68431-4E27-4EA5-BDB5-36D937DB89DB}.Release|x86.Build.0 = Release|Any CPU
	EndGlobalSection
EndGlobal
